
Microsoft Visual Studio Solution File, Format Version 12.00
# Visual Studio Version 16
VisualStudioVersion = 16.0.810.20
MinimumVisualStudioVersion = 10.0.40219.1
Project("{FAE04EC0-301F-11D3-BF4B-00C04F79EFBC}") = "Otus-3-module-tests", "Otus-3-module-tests\Otus-3-module-tests.csproj", "{7ED61366-78E3-4486-877D-78F812E2B4E4}"
EndProject
Project("{FAE04EC0-301F-11D3-BF4B-00C04F79EFBC}") = "Otus-3-module-tests.Tests", "Otus-3-module-tests.Tests\Otus-3-module-tests.Tests.csproj", "{C4F02295-65DD-4F68-A8C0-C0E99A46694F}"
EndProject
Global
	GlobalSection(SolutionConfigurationPlatforms) = preSolution
		Debug|Any CPU = Debug|Any CPU
		Release|Any CPU = Release|Any CPU
	EndGlobalSection
	GlobalSection(ProjectConfigurationPlatforms) = postSolution
		{7ED61366-78E3-4486-877D-78F812E2B4E4}.Debug|Any CPU.ActiveCfg = Debug|Any CPU
		{7ED61366-78E3-4486-877D-78F812E2B4E4}.Debug|Any CPU.Build.0 = Debug|Any CPU
		{7ED61366-78E3-4486-877D-78F812E2B4E4}.Release|Any CPU.ActiveCfg = Release|Any CPU
		{7ED61366-78E3-4486-877D-78F812E2B4E4}.Release|Any CPU.Build.0 = Release|Any CPU
		{C4F02295-65DD-4F68-A8C0-C0E99A46694F}.Debug|Any CPU.ActiveCfg = Debug|Any CPU
		{C4F02295-65DD-4F68-A8C0-C0E99A46694F}.Debug|Any CPU.Build.0 = Debug|Any CPU
		{C4F02295-65DD-4F68-A8C0-C0E99A46694F}.Release|Any CPU.ActiveCfg = Release|Any CPU
		{C4F02295-65DD-4F68-A8C0-C0E99A46694F}.Release|Any CPU.Build.0 = Release|Any CPU
	EndGlobalSection
	GlobalSection(SolutionProperties) = preSolution
		HideSolutionNode = FALSE
	EndGlobalSection
	GlobalSection(ExtensibilityGlobals) = postSolution
		SolutionGuid = {8F8A4F76-63C1-4A6F-8A3E-306187E2DA39}
	EndGlobalSection
EndGlobal
