
Microsoft Visual Studio Solution File, Format Version 12.00
# Visual Studio Version 16
VisualStudioVersion = 16.0.810.20
MinimumVisualStudioVersion = 10.0.40219.1
Project("{FAE04EC0-301F-11D3-BF4B-00C04F79EFBC}") = "Otus-3-module-tests", "Otus-3-module-tests\Otus-3-module-tests.csproj", "{12792C92-CF4F-4B53-BE9D-2F27070F0058}"
EndProject
Project("{FAE04EC0-301F-11D3-BF4B-00C04F79EFBC}") = "Otus-3-module-tests.Tests", "Otus-3-module-tests.Tests\Otus-3-module-tests.Tests.csproj", "{E02D62A0-39F7-481F-AEEA-892338E7F25B}"
EndProject
Project("{FAE04EC0-301F-11D3-BF4B-00C04F79EFBC}") = "Otus-5-stable-abstractions", "Otus-5-stable-abstractions\Otus-5-stable-abstractions.csproj", "{CA56BF47-606E-4953-BEE1-50768E13D534}"
EndProject
Project("{FAE04EC0-301F-11D3-BF4B-00C04F79EFBC}") = "Otus-5-stable-abstractions.Tests", "Otus-5-stable-abstractions.Tests\Otus-5-stable-abstractions.Tests.csproj", "{9E9A2CD1-7FAF-4AA2-A09F-082EB61440FE}"
EndProject
Project("{FAE04EC0-301F-11D3-BF4B-00C04F79EFBC}") = "Otus-7-exceptions", "Otus-7-exceptions\Otus-7-exceptions.csproj", "{9E04544A-C080-4DCD-801E-CAD6E022CABF}"
EndProject
Project("{FAE04EC0-301F-11D3-BF4B-00C04F79EFBC}") = "Otus-7-exceptions.Tests", "Otus-7-exceptions.Tests\Otus-7-exceptions.Tests.csproj", "{26E6BA05-8B5D-40A1-9F50-0254387086C7}"
EndProject
Project("{FAE04EC0-301F-11D3-BF4B-00C04F79EFBC}") = "Otus-8-command", "Otus-8-command\Otus-8-command.csproj", "{4D22F5FF-79CA-45F0-9CE7-5D3DFF6B63B5}"
EndProject
Project("{FAE04EC0-301F-11D3-BF4B-00C04F79EFBC}") = "Otus-8-command.Tests", "Otus-8-command.Tests\Otus-8-command.Tests.csproj", "{9FDD7317-9147-462F-92F5-8D438567AFF0}"
EndProject
Project("{FAE04EC0-301F-11D3-BF4B-00C04F79EFBC}") = "Otus-9-factory", "Otus-9-factory\Otus-9-factory.csproj", "{25D1B607-5DD2-463D-80C8-78F796AE2D9E}"
EndProject
Project("{FAE04EC0-301F-11D3-BF4B-00C04F79EFBC}") = "Otus-9-factory.Tests", "Otus-9-factory.Tests\Otus-9-factory.Tests.csproj", "{7B57A049-7A8F-40EB-B617-6810D7989C85}"
EndProject
Project("{FAE04EC0-301F-11D3-BF4B-00C04F79EFBC}") = "Otus-12-adapter-app1", "Otus-12-adapter-app1\Otus-12-adapter-app1.csproj", "{A2FAB32A-2CE0-424B-91DA-807B9B85C948}"
EndProject
Project("{FAE04EC0-301F-11D3-BF4B-00C04F79EFBC}") = "Otus-12-adapter-app2", "Otus-12-adapter-app2\Otus-12-adapter-app2.csproj", "{38AA3CA8-7DD8-4CFD-832F-7C59817A8704}"
EndProject
Project("{FAE04EC0-301F-11D3-BF4B-00C04F79EFBC}") = "Otus-12-adapter.Tests", "Otus-12-adapter.Tests\Otus-12-adapter.Tests.csproj", "{D875AE74-083B-4DB1-8DC4-2F3F89331670}"
EndProject
Project("{FAE04EC0-301F-11D3-BF4B-00C04F79EFBC}") = "Otus-14-vertical-scaling", "Otus-14-vertical-scaling\Otus-14-vertical-scaling.csproj", "{D57EF5A8-93B3-4C90-A8BC-A888EF5AB044}"
EndProject
Project("{FAE04EC0-301F-11D3-BF4B-00C04F79EFBC}") = "Otus-14-vertical-scaling.Tests", "Otus-14-vertical-scaling.Tests\Otus-14-vertical-scaling.Tests.csproj", "{DDD9FEA4-EF00-4983-B416-E1197E9FD372}"
EndProject
Project("{FAE04EC0-301F-11D3-BF4B-00C04F79EFBC}") = "Otus-16-endpoint", "Otus-16-endpoint\Otus-16-endpoint.csproj", "{AAFC2AE1-6611-4CB4-8BBF-B87CBAE12DEC}"
EndProject
Project("{FAE04EC0-301F-11D3-BF4B-00C04F79EFBC}") = "Otus-16-endpoint.Tests", "Otus-16-endpoint.Tests\Otus-16-endpoint.Tests.csproj", "{EA3081CF-0041-43FF-A24B-D6DAEC7BD68D}"
EndProject
Project("{FAE04EC0-301F-11D3-BF4B-00C04F79EFBC}") = "Otus-19-authorization", "Otus-19-authorization\Otus-19-authorization.csproj", "{C7DDE7BA-885D-4085-9116-CC5534B3D973}"
EndProject
Global
	GlobalSection(SolutionConfigurationPlatforms) = preSolution
		Debug|Any CPU = Debug|Any CPU
		Release|Any CPU = Release|Any CPU
	EndGlobalSection
	GlobalSection(ProjectConfigurationPlatforms) = postSolution
		{12792C92-CF4F-4B53-BE9D-2F27070F0058}.Debug|Any CPU.ActiveCfg = Debug|Any CPU
		{12792C92-CF4F-4B53-BE9D-2F27070F0058}.Debug|Any CPU.Build.0 = Debug|Any CPU
		{12792C92-CF4F-4B53-BE9D-2F27070F0058}.Release|Any CPU.ActiveCfg = Release|Any CPU
		{12792C92-CF4F-4B53-BE9D-2F27070F0058}.Release|Any CPU.Build.0 = Release|Any CPU
		{E02D62A0-39F7-481F-AEEA-892338E7F25B}.Debug|Any CPU.ActiveCfg = Debug|Any CPU
		{E02D62A0-39F7-481F-AEEA-892338E7F25B}.Debug|Any CPU.Build.0 = Debug|Any CPU
		{E02D62A0-39F7-481F-AEEA-892338E7F25B}.Release|Any CPU.ActiveCfg = Release|Any CPU
		{E02D62A0-39F7-481F-AEEA-892338E7F25B}.Release|Any CPU.Build.0 = Release|Any CPU
		{CA56BF47-606E-4953-BEE1-50768E13D534}.Debug|Any CPU.ActiveCfg = Debug|Any CPU
		{CA56BF47-606E-4953-BEE1-50768E13D534}.Debug|Any CPU.Build.0 = Debug|Any CPU
		{CA56BF47-606E-4953-BEE1-50768E13D534}.Release|Any CPU.ActiveCfg = Release|Any CPU
		{CA56BF47-606E-4953-BEE1-50768E13D534}.Release|Any CPU.Build.0 = Release|Any CPU
		{9E9A2CD1-7FAF-4AA2-A09F-082EB61440FE}.Debug|Any CPU.ActiveCfg = Debug|Any CPU
		{9E9A2CD1-7FAF-4AA2-A09F-082EB61440FE}.Debug|Any CPU.Build.0 = Debug|Any CPU
		{9E9A2CD1-7FAF-4AA2-A09F-082EB61440FE}.Release|Any CPU.ActiveCfg = Release|Any CPU
		{9E9A2CD1-7FAF-4AA2-A09F-082EB61440FE}.Release|Any CPU.Build.0 = Release|Any CPU
		{9E04544A-C080-4DCD-801E-CAD6E022CABF}.Debug|Any CPU.ActiveCfg = Debug|Any CPU
		{9E04544A-C080-4DCD-801E-CAD6E022CABF}.Debug|Any CPU.Build.0 = Debug|Any CPU
		{9E04544A-C080-4DCD-801E-CAD6E022CABF}.Release|Any CPU.ActiveCfg = Release|Any CPU
		{9E04544A-C080-4DCD-801E-CAD6E022CABF}.Release|Any CPU.Build.0 = Release|Any CPU
		{26E6BA05-8B5D-40A1-9F50-0254387086C7}.Debug|Any CPU.ActiveCfg = Debug|Any CPU
		{26E6BA05-8B5D-40A1-9F50-0254387086C7}.Debug|Any CPU.Build.0 = Debug|Any CPU
		{26E6BA05-8B5D-40A1-9F50-0254387086C7}.Release|Any CPU.ActiveCfg = Release|Any CPU
		{26E6BA05-8B5D-40A1-9F50-0254387086C7}.Release|Any CPU.Build.0 = Release|Any CPU
		{4D22F5FF-79CA-45F0-9CE7-5D3DFF6B63B5}.Debug|Any CPU.ActiveCfg = Debug|Any CPU
		{4D22F5FF-79CA-45F0-9CE7-5D3DFF6B63B5}.Debug|Any CPU.Build.0 = Debug|Any CPU
		{4D22F5FF-79CA-45F0-9CE7-5D3DFF6B63B5}.Release|Any CPU.ActiveCfg = Release|Any CPU
		{4D22F5FF-79CA-45F0-9CE7-5D3DFF6B63B5}.Release|Any CPU.Build.0 = Release|Any CPU
		{9FDD7317-9147-462F-92F5-8D438567AFF0}.Debug|Any CPU.ActiveCfg = Debug|Any CPU
		{9FDD7317-9147-462F-92F5-8D438567AFF0}.Debug|Any CPU.Build.0 = Debug|Any CPU
		{9FDD7317-9147-462F-92F5-8D438567AFF0}.Release|Any CPU.ActiveCfg = Release|Any CPU
		{9FDD7317-9147-462F-92F5-8D438567AFF0}.Release|Any CPU.Build.0 = Release|Any CPU
		{25D1B607-5DD2-463D-80C8-78F796AE2D9E}.Debug|Any CPU.ActiveCfg = Debug|Any CPU
		{25D1B607-5DD2-463D-80C8-78F796AE2D9E}.Debug|Any CPU.Build.0 = Debug|Any CPU
		{25D1B607-5DD2-463D-80C8-78F796AE2D9E}.Release|Any CPU.ActiveCfg = Release|Any CPU
		{25D1B607-5DD2-463D-80C8-78F796AE2D9E}.Release|Any CPU.Build.0 = Release|Any CPU
		{7B57A049-7A8F-40EB-B617-6810D7989C85}.Debug|Any CPU.ActiveCfg = Debug|Any CPU
		{7B57A049-7A8F-40EB-B617-6810D7989C85}.Debug|Any CPU.Build.0 = Debug|Any CPU
		{7B57A049-7A8F-40EB-B617-6810D7989C85}.Release|Any CPU.ActiveCfg = Release|Any CPU
		{7B57A049-7A8F-40EB-B617-6810D7989C85}.Release|Any CPU.Build.0 = Release|Any CPU
		{A2FAB32A-2CE0-424B-91DA-807B9B85C948}.Debug|Any CPU.ActiveCfg = Debug|Any CPU
		{A2FAB32A-2CE0-424B-91DA-807B9B85C948}.Debug|Any CPU.Build.0 = Debug|Any CPU
		{A2FAB32A-2CE0-424B-91DA-807B9B85C948}.Release|Any CPU.ActiveCfg = Release|Any CPU
		{A2FAB32A-2CE0-424B-91DA-807B9B85C948}.Release|Any CPU.Build.0 = Release|Any CPU
		{38AA3CA8-7DD8-4CFD-832F-7C59817A8704}.Debug|Any CPU.ActiveCfg = Debug|Any CPU
		{38AA3CA8-7DD8-4CFD-832F-7C59817A8704}.Debug|Any CPU.Build.0 = Debug|Any CPU
		{38AA3CA8-7DD8-4CFD-832F-7C59817A8704}.Release|Any CPU.ActiveCfg = Release|Any CPU
		{38AA3CA8-7DD8-4CFD-832F-7C59817A8704}.Release|Any CPU.Build.0 = Release|Any CPU
		{D875AE74-083B-4DB1-8DC4-2F3F89331670}.Debug|Any CPU.ActiveCfg = Debug|Any CPU
		{D875AE74-083B-4DB1-8DC4-2F3F89331670}.Debug|Any CPU.Build.0 = Debug|Any CPU
		{D875AE74-083B-4DB1-8DC4-2F3F89331670}.Release|Any CPU.ActiveCfg = Release|Any CPU
		{D875AE74-083B-4DB1-8DC4-2F3F89331670}.Release|Any CPU.Build.0 = Release|Any CPU
		{D57EF5A8-93B3-4C90-A8BC-A888EF5AB044}.Debug|Any CPU.ActiveCfg = Debug|Any CPU
		{D57EF5A8-93B3-4C90-A8BC-A888EF5AB044}.Debug|Any CPU.Build.0 = Debug|Any CPU
		{D57EF5A8-93B3-4C90-A8BC-A888EF5AB044}.Release|Any CPU.ActiveCfg = Release|Any CPU
		{D57EF5A8-93B3-4C90-A8BC-A888EF5AB044}.Release|Any CPU.Build.0 = Release|Any CPU
		{DDD9FEA4-EF00-4983-B416-E1197E9FD372}.Debug|Any CPU.ActiveCfg = Debug|Any CPU
		{DDD9FEA4-EF00-4983-B416-E1197E9FD372}.Debug|Any CPU.Build.0 = Debug|Any CPU
		{DDD9FEA4-EF00-4983-B416-E1197E9FD372}.Release|Any CPU.ActiveCfg = Release|Any CPU
		{DDD9FEA4-EF00-4983-B416-E1197E9FD372}.Release|Any CPU.Build.0 = Release|Any CPU
		{AAFC2AE1-6611-4CB4-8BBF-B87CBAE12DEC}.Debug|Any CPU.ActiveCfg = Debug|Any CPU
		{AAFC2AE1-6611-4CB4-8BBF-B87CBAE12DEC}.Debug|Any CPU.Build.0 = Debug|Any CPU
		{AAFC2AE1-6611-4CB4-8BBF-B87CBAE12DEC}.Release|Any CPU.ActiveCfg = Release|Any CPU
		{AAFC2AE1-6611-4CB4-8BBF-B87CBAE12DEC}.Release|Any CPU.Build.0 = Release|Any CPU
		{EA3081CF-0041-43FF-A24B-D6DAEC7BD68D}.Debug|Any CPU.ActiveCfg = Debug|Any CPU
		{EA3081CF-0041-43FF-A24B-D6DAEC7BD68D}.Debug|Any CPU.Build.0 = Debug|Any CPU
		{EA3081CF-0041-43FF-A24B-D6DAEC7BD68D}.Release|Any CPU.ActiveCfg = Release|Any CPU
		{EA3081CF-0041-43FF-A24B-D6DAEC7BD68D}.Release|Any CPU.Build.0 = Release|Any CPU
		{C7DDE7BA-885D-4085-9116-CC5534B3D973}.Debug|Any CPU.ActiveCfg = Debug|Any CPU
		{C7DDE7BA-885D-4085-9116-CC5534B3D973}.Debug|Any CPU.Build.0 = Debug|Any CPU
		{C7DDE7BA-885D-4085-9116-CC5534B3D973}.Release|Any CPU.ActiveCfg = Release|Any CPU
		{C7DDE7BA-885D-4085-9116-CC5534B3D973}.Release|Any CPU.Build.0 = Release|Any CPU
	EndGlobalSection
	GlobalSection(SolutionProperties) = preSolution
		HideSolutionNode = FALSE
	EndGlobalSection
	GlobalSection(ExtensibilityGlobals) = postSolution
		SolutionGuid = {8F8A4F76-63C1-4A6F-8A3E-306187E2DA39}
	EndGlobalSection
EndGlobal
